// !$*UTF8*$!
{
	archiveVersion = 1;
	classes = {
	};
	objectVersion = 46;
	objects = {

/* Begin PBXBuildFile section */
		3EE4BA751DB7C93400E9AD98 /* main.m in Sources */ = {isa = PBXBuildFile; fileRef = 3EE4BA741DB7C93400E9AD98 /* main.m */; };
		3EE4BA781DB7C93400E9AD98 /* AppDelegate.m in Sources */ = {isa = PBXBuildFile; fileRef = 3EE4BA771DB7C93400E9AD98 /* AppDelegate.m */; };
		3EE4BA7B1DB7C93400E9AD98 /* ViewController.m in Sources */ = {isa = PBXBuildFile; fileRef = 3EE4BA7A1DB7C93400E9AD98 /* ViewController.m */; };
		3EE4BA7E1DB7C93400E9AD98 /* Main.storyboard in Resources */ = {isa = PBXBuildFile; fileRef = 3EE4BA7C1DB7C93400E9AD98 /* Main.storyboard */; };
		3EE4BA801DB7C93400E9AD98 /* Assets.xcassets in Resources */ = {isa = PBXBuildFile; fileRef = 3EE4BA7F1DB7C93400E9AD98 /* Assets.xcassets */; };
		3EE4BA831DB7C93400E9AD98 /* LaunchScreen.storyboard in Resources */ = {isa = PBXBuildFile; fileRef = 3EE4BA811DB7C93400E9AD98 /* LaunchScreen.storyboard */; };
		3EE4BA8C1DB7CFC000E9AD98 /* NSString+Reverse.m in Sources */ = {isa = PBXBuildFile; fileRef = 3EE4BA8B1DB7CFC000E9AD98 /* NSString+Reverse.m */; };
/* End PBXBuildFile section */

/* Begin PBXFileReference section */
		3EE4BA701DB7C93400E9AD98 /* ReversedStringTest.app */ = {isa = PBXFileReference; explicitFileType = wrapper.application; includeInIndex = 0; path = ReversedStringTest.app; sourceTree = BUILT_PRODUCTS_DIR; };
		3EE4BA741DB7C93400E9AD98 /* main.m */ = {isa = PBXFileReference; lastKnownFileType = sourcecode.c.objc; path = main.m; sourceTree = "<group>"; };
		3EE4BA761DB7C93400E9AD98 /* AppDelegate.h */ = {isa = PBXFileReference; lastKnownFileType = sourcecode.c.h; path = AppDelegate.h; sourceTree = "<group>"; };
		3EE4BA771DB7C93400E9AD98 /* AppDelegate.m */ = {isa = PBXFileReference; lastKnownFileType = sourcecode.c.objc; path = AppDelegate.m; sourceTree = "<group>"; };
		3EE4BA791DB7C93400E9AD98 /* ViewController.h */ = {isa = PBXFileReference; lastKnownFileType = sourcecode.c.h; path = ViewController.h; sourceTree = "<group>"; };
		3EE4BA7A1DB7C93400E9AD98 /* ViewController.m */ = {isa = PBXFileReference; lastKnownFileType = sourcecode.c.objc; path = ViewController.m; sourceTree = "<group>"; };
		3EE4BA7D1DB7C93400E9AD98 /* Base */ = {isa = PBXFileReference; lastKnownFileType = file.storyboard; name = Base; path = Base.lproj/Main.storyboard; sourceTree = "<group>"; };
		3EE4BA7F1DB7C93400E9AD98 /* Assets.xcassets */ = {isa = PBXFileReference; lastKnownFileType = folder.assetcatalog; path = Assets.xcassets; sourceTree = "<group>"; };
		3EE4BA821DB7C93400E9AD98 /* Base */ = {isa = PBXFileReference; lastKnownFileType = file.storyboard; name = Base; path = Base.lproj/LaunchScreen.storyboard; sourceTree = "<group>"; };
		3EE4BA841DB7C93400E9AD98 /* Info.plist */ = {isa = PBXFileReference; lastKnownFileType = text.plist.xml; path = Info.plist; sourceTree = "<group>"; };
		3EE4BA8A1DB7CFC000E9AD98 /* NSString+Reverse.h */ = {isa = PBXFileReference; fileEncoding = 4; lastKnownFileType = sourcecode.c.h; path = "NSString+Reverse.h"; sourceTree = "<group>"; };
		3EE4BA8B1DB7CFC000E9AD98 /* NSString+Reverse.m */ = {isa = PBXFileReference; fileEncoding = 4; lastKnownFileType = sourcecode.c.objc; path = "NSString+Reverse.m"; sourceTree = "<group>"; };
/* End PBXFileReference section */

/* Begin PBXFrameworksBuildPhase section */
		3EE4BA6D1DB7C93300E9AD98 /* Frameworks */ = {
			isa = PBXFrameworksBuildPhase;
			buildActionMask = 2147483647;
			files = (
			);
			runOnlyForDeploymentPostprocessing = 0;
		};
/* End PBXFrameworksBuildPhase section */

/* Begin PBXGroup section */
		3EE4BA671DB7C93300E9AD98 = {
			isa = PBXGroup;
			children = (
				3EE4BA721DB7C93400E9AD98 /* ReversedStringTest */,
				3EE4BA711DB7C93400E9AD98 /* Products */,
			);
			sourceTree = "<group>";
		};
		3EE4BA711DB7C93400E9AD98 /* Products */ = {
			isa = PBXGroup;
			children = (
				3EE4BA701DB7C93400E9AD98 /* ReversedStringTest.app */,
			);
			name = Products;
			sourceTree = "<group>";
		};
		3EE4BA721DB7C93400E9AD98 /* ReversedStringTest */ = {
			isa = PBXGroup;
			children = (
				3EE4BA761DB7C93400E9AD98 /* AppDelegate.h */,
				3EE4BA771DB7C93400E9AD98 /* AppDelegate.m */,
				3EE4BA791DB7C93400E9AD98 /* ViewController.h */,
				3EE4BA7A1DB7C93400E9AD98 /* ViewController.m */,
				3EE4BA8A1DB7CFC000E9AD98 /* NSString+Reverse.h */,
				3EE4BA8B1DB7CFC000E9AD98 /* NSString+Reverse.m */,
				3EE4BA7C1DB7C93400E9AD98 /* Main.storyboard */,
				3EE4BA7F1DB7C93400E9AD98 /* Assets.xcassets */,
				3EE4BA811DB7C93400E9AD98 /* LaunchScreen.storyboard */,
				3EE4BA841DB7C93400E9AD98 /* Info.plist */,
				3EE4BA731DB7C93400E9AD98 /* Supporting Files */,
			);
			path = ReversedStringTest;
			sourceTree = "<group>";
		};
		3EE4BA731DB7C93400E9AD98 /* Supporting Files */ = {
			isa = PBXGroup;
			children = (
				3EE4BA741DB7C93400E9AD98 /* main.m */,
			);
			name = "Supporting Files";
			sourceTree = "<group>";
		};
/* End PBXGroup section */

/* Begin PBXNativeTarget section */
		3EE4BA6F1DB7C93300E9AD98 /* ReversedStringTest */ = {
			isa = PBXNativeTarget;
			buildConfigurationList = 3EE4BA871DB7C93400E9AD98 /* Build configuration list for PBXNativeTarget "ReversedStringTest" */;
			buildPhases = (
				3EE4BA6C1DB7C93300E9AD98 /* Sources */,
				3EE4BA6D1DB7C93300E9AD98 /* Frameworks */,
				3EE4BA6E1DB7C93300E9AD98 /* Resources */,
			);
			buildRules = (
			);
			dependencies = (
			);
			name = ReversedStringTest;
			productName = ReversedStringTest;
			productReference = 3EE4BA701DB7C93400E9AD98 /* ReversedStringTest.app */;
			productType = "com.apple.product-type.application";
		};
/* End PBXNativeTarget section */

/* Begin PBXProject section */
		3EE4BA681DB7C93300E9AD98 /* Project object */ = {
			isa = PBXProject;
			attributes = {
				LastUpgradeCheck = 0800;
				ORGANIZATIONNAME = "Aleksandr Pronin";
				TargetAttributes = {
					3EE4BA6F1DB7C93300E9AD98 = {
						CreatedOnToolsVersion = 8.0;
						DevelopmentTeam = Q8M6V9HM9E;
						ProvisioningStyle = Automatic;
					};
				};
			};
			buildConfigurationList = 3EE4BA6B1DB7C93300E9AD98 /* Build configuration list for PBXProject "ReversedStringTest" */;
			compatibilityVersion = "Xcode 3.2";
			developmentRegion = English;
			hasScannedForEncodings = 0;
			knownRegions = (
				en,
				Base,
			);
			mainGroup = 3EE4BA671DB7C93300E9AD98;
			productRefGroup = 3EE4BA711DB7C93400E9AD98 /* Products */;
			projectDirPath = "";
			projectRoot = "";
			targets = (
				3EE4BA6F1DB7C93300E9AD98 /* ReversedStringTest */,
			);
		};
/* End PBXProject section */

/* Begin PBXResourcesBuildPhase section */
		3EE4BA6E1DB7C93300E9AD98 /* Resources */ = {
			isa = PBXResourcesBuildPhase;
			buildActionMask = 2147483647;
			files = (
				3EE4BA831DB7C93400E9AD98 /* LaunchScreen.storyboard in Resources */,
				3EE4BA801DB7C93400E9AD98 /* Assets.xcassets in Resources */,
				3EE4BA7E1DB7C93400E9AD98 /* Main.storyboard in Resources */,
			);
			runOnlyForDeploymentPostprocessing = 0;
		};
/* End PBXResourcesBuildPhase section */

/* Begin PBXSourcesBuildPhase section */
		3EE4BA6C1DB7C93300E9AD98 /* Sources */ = {
			isa = PBXSourcesBuildPhase;
			buildActionMask = 2147483647;
			files = (
				3EE4BA8C1DB7CFC000E9AD98 /* NSString+Reverse.m in Sources */,
				3EE4BA7B1DB7C93400E9AD98 /* ViewController.m in Sources */,
				3EE4BA781DB7C93400E9AD98 /* AppDelegate.m in Sources */,
				3EE4BA751DB7C93400E9AD98 /* main.m in Sources */,
			);
			runOnlyForDeploymentPostprocessing = 0;
		};
/* End PBXSourcesBuildPhase section */

/* Begin PBXVariantGroup section */
		3EE4BA7C1DB7C93400E9AD98 /* Main.storyboard */ = {
			isa = PBXVariantGroup;
			children = (
				3EE4BA7D1DB7C93400E9AD98 /* Base */,
			);
			name = Main.storyboard;
			sourceTree = "<group>";
		};
		3EE4BA811DB7C93400E9AD98 /* LaunchScreen.storyboard */ = {
			isa = PBXVariantGroup;
			children = (
				3EE4BA821DB7C93400E9AD98 /* Base */,
			);
			name = LaunchScreen.storyboard;
			sourceTree = "<group>";
		};
/* End PBXVariantGroup section */

/* Begin XCBuildConfiguration section */
		3EE4BA851DB7C93400E9AD98 /* Debug */ = {
			isa = XCBuildConfiguration;
			buildSettings = {
				ALWAYS_SEARCH_USER_PATHS = NO;
				CLANG_ANALYZER_NONNULL = YES;
				CLANG_CXX_LANGUAGE_STANDARD = "gnu++0x";
				CLANG_CXX_LIBRARY = "libc++";
				CLANG_ENABLE_MODULES = YES;
				CLANG_ENABLE_OBJC_ARC = YES;
				CLANG_WARN_BOOL_CONVERSION = YES;
				CLANG_WARN_CONSTANT_CONVERSION = YES;
				CLANG_WARN_DIRECT_OBJC_ISA_USAGE = YES_ERROR;
				CLANG_WARN_DOCUMENTATION_COMMENTS = YES;
				CLANG_WARN_EMPTY_BODY = YES;
				CLANG_WARN_ENUM_CONVERSION = YES;
				CLANG_WARN_INFINITE_RECURSION = YES;
				CLANG_WARN_INT_CONVERSION = YES;
				CLANG_WARN_OBJC_ROOT_CLASS = YES_ERROR;
				CLANG_WARN_SUSPICIOUS_MOVES = YES;
				CLANG_WARN_UNREACHABLE_CODE = YES;
				CLANG_WARN__DUPLICATE_METHOD_MATCH = YES;
				"CODE_SIGN_IDENTITY[sdk=iphoneos*]" = "iPhone Developer";
				COPY_PHASE_STRIP = NO;
				DEBUG_INFORMATION_FORMAT = dwarf;
				ENABLE_STRICT_OBJC_MSGSEND = YES;
				ENABLE_TESTABILITY = YES;
				GCC_C_LANGUAGE_STANDARD = gnu99;
				GCC_DYNAMIC_NO_PIC = NO;
				GCC_NO_COMMON_BLOCKS = YES;
				GCC_OPTIMIZATION_LEVEL = 0;
				GCC_PREPROCESSOR_DEFINITIONS = (
					"DEBUG=1",
					"$(inherited)",
				);
				GCC_WARN_64_TO_32_BIT_CONVERSION = YES;
				GCC_WARN_ABOUT_RETURN_TYPE = YES_ERROR;
				GCC_WARN_UNDECLARED_SELECTOR = YES;
				GCC_WARN_UNINITIALIZED_AUTOS = YES_AGGRESSIVE;
				GCC_WARN_UNUSED_FUNCTION = YES;
				GCC_WARN_UNUSED_VARIABLE = YES;
				IPHONEOS_DEPLOYMENT_TARGET = 10.0;
				MTL_ENABLE_DEBUG_INFO = YES;
				ONLY_ACTIVE_ARCH = YES;
				SDKROOT = iphoneos;
			};
			name = Debug;
		};
		3EE4BA861DB7C93400E9AD98 /* Release */ = {
			isa = XCBuildConfiguration;
			buildSettings = {
				ALWAYS_SEARCH_USER_PATHS = NO;
				CLANG_ANALYZER_NONNULL = YES;
				CLANG_CXX_LANGUAGE_STANDARD = "gnu++0x";
				CLANG_CXX_LIBRARY = "libc++";
				CLANG_ENABLE_MODULES = YES;
				CLANG_ENABLE_OBJC_ARC = YES;
				CLANG_WARN_BOOL_CONVERSION = YES;
				CLANG_WARN_CONSTANT_CONVERSION = YES;
				CLANG_WARN_DIRECT_OBJC_ISA_USAGE = YES_ERROR;
				CLANG_WARN_DOCUMENTATION_COMMENTS = YES;
				CLANG_WARN_EMPTY_BODY = YES;
				CLANG_WARN_ENUM_CONVERSION = YES;
				CLANG_WARN_INFINITE_RECURSION = YES;
				CLANG_WARN_INT_CONVERSION = YES;
				CLANG_WARN_OBJC_ROOT_CLASS = YES_ERROR;
				CLANG_WARN_SUSPICIOUS_MOVES = YES;
				CLANG_WARN_UNREACHABLE_CODE = YES;
				CLANG_WARN__DUPLICATE_METHOD_MATCH = YES;
				"CODE_SIGN_IDENTITY[sdk=iphoneos*]" = "iPhone Developer";
				COPY_PHASE_STRIP = NO;
				DEBUG_INFORMATION_FORMAT = "dwarf-with-dsym";
				ENABLE_NS_ASSERTIONS = NO;
				ENABLE_STRICT_OBJC_MSGSEND = YES;
				GCC_C_LANGUAGE_STANDARD = gnu99;
				GCC_NO_COMMON_BLOCKS = YES;
				GCC_WARN_64_TO_32_BIT_CONVERSION = YES;
				GCC_WARN_ABOUT_RETURN_TYPE = YES_ERROR;
				GCC_WARN_UNDECLARED_SELECTOR = YES;
				GCC_WARN_UNINITIALIZED_AUTOS = YES_AGGRESSIVE;
				GCC_WARN_UNUSED_FUNCTION = YES;
				GCC_WARN_UNUSED_VARIABLE = YES;
				IPHONEOS_DEPLOYMENT_TARGET = 10.0;
				MTL_ENABLE_DEBUG_INFO = NO;
				SDKROOT = iphoneos;
				VALIDATE_PRODUCT = YES;
			};
			name = Release;
		};
		3EE4BA881DB7C93400E9AD98 /* Debug */ = {
			isa = XCBuildConfiguration;
			buildSettings = {
				ASSETCATALOG_COMPILER_APPICON_NAME = AppIcon;
				DEVELOPMENT_TEAM = Q8M6V9HM9E;
				INFOPLIST_FILE = ReversedStringTest/Info.plist;
				LD_RUNPATH_SEARCH_PATHS = "$(inherited) @executable_path/Frameworks";
				PRODUCT_BUNDLE_IDENTIFIER = "com.rit-js.ReversedStringTest";
				PRODUCT_NAME = "$(TARGET_NAME)";
			};
			name = Debug;
		};
		3EE4BA891DB7C93400E9AD98 /* Release */ = {
			isa = XCBuildConfiguration;
			buildSettings = {
				ASSETCATALOG_COMPILER_APPICON_NAME = AppIcon;
				DEVELOPMENT_TEAM = Q8M6V9HM9E;
				INFOPLIST_FILE = ReversedStringTest/Info.plist;
				LD_RUNPATH_SEARCH_PATHS = "$(inherited) @executable_path/Frameworks";
				PRODUCT_BUNDLE_IDENTIFIER = "com.rit-js.ReversedStringTest";
				PRODUCT_NAME = "$(TARGET_NAME)";
			};
			name = Release;
		};
/* End XCBuildConfiguration section */

/* Begin XCConfigurationList section */
		3EE4BA6B1DB7C93300E9AD98 /* Build configuration list for PBXProject "ReversedStringTest" */ = {
			isa = XCConfigurationList;
			buildConfigurations = (
				3EE4BA851DB7C93400E9AD98 /* Debug */,
				3EE4BA861DB7C93400E9AD98 /* Release */,
			);
			defaultConfigurationIsVisible = 0;
			defaultConfigurationName = Release;
		};
		3EE4BA871DB7C93400E9AD98 /* Build configuration list for PBXNativeTarget "ReversedStringTest" */ = {
			isa = XCConfigurationList;
			buildConfigurations = (
				3EE4BA881DB7C93400E9AD98 /* Debug */,
				3EE4BA891DB7C93400E9AD98 /* Release */,
			);
			defaultConfigurationIsVisible = 0;
		};
/* End XCConfigurationList section */
	};
	rootObject = 3EE4BA681DB7C93300E9AD98 /* Project object */;
}
